
Microsoft Visual Studio Solution File, Format Version 12.00
# Visual Studio Version 17
VisualStudioVersion = 17.9.34902.65
MinimumVisualStudioVersion = 10.0.40219.1
Project("{FAE04EC0-301F-11D3-BF4B-00C04F79EFBC}") = "CheckoutTask", "CheckoutTask\CheckoutTask.csproj", "{1999AE4A-9833-4DA3-A858-4B2A35336BA0}"
EndProject
Project("{FAE04EC0-301F-11D3-BF4B-00C04F79EFBC}") = "CheckoutTest", "CheckoutTest\CheckoutTest.csproj", "{107D65CB-9D95-4ECA-BBE0-100BCB8F6526}"
EndProject
Global
	GlobalSection(SolutionConfigurationPlatforms) = preSolution
		Debug|Any CPU = Debug|Any CPU
		Release|Any CPU = Release|Any CPU
	EndGlobalSection
	GlobalSection(ProjectConfigurationPlatforms) = postSolution
		{1999AE4A-9833-4DA3-A858-4B2A35336BA0}.Debug|Any CPU.ActiveCfg = Debug|Any CPU
		{1999AE4A-9833-4DA3-A858-4B2A35336BA0}.Debug|Any CPU.Build.0 = Debug|Any CPU
		{1999AE4A-9833-4DA3-A858-4B2A35336BA0}.Release|Any CPU.ActiveCfg = Release|Any CPU
		{1999AE4A-9833-4DA3-A858-4B2A35336BA0}.Release|Any CPU.Build.0 = Release|Any CPU
		{107D65CB-9D95-4ECA-BBE0-100BCB8F6526}.Debug|Any CPU.ActiveCfg = Debug|Any CPU
		{107D65CB-9D95-4ECA-BBE0-100BCB8F6526}.Debug|Any CPU.Build.0 = Debug|Any CPU
		{107D65CB-9D95-4ECA-BBE0-100BCB8F6526}.Release|Any CPU.ActiveCfg = Release|Any CPU
		{107D65CB-9D95-4ECA-BBE0-100BCB8F6526}.Release|Any CPU.Build.0 = Release|Any CPU
	EndGlobalSection
	GlobalSection(SolutionProperties) = preSolution
		HideSolutionNode = FALSE
	EndGlobalSection
	GlobalSection(ExtensibilityGlobals) = postSolution
		SolutionGuid = {DBC6F729-1470-4949-B504-53C04890387E}
	EndGlobalSection
EndGlobal
